{
  "name": "constructo-monorepo",
  "version": "0.0.0",
  "lockfileVersion": 3,
  "requires": true,
  "packages": {
    "": {
      "name": "constructo-monorepo",
      "version": "0.0.0",
      "devDependencies": {
        "@types/leaflet": "^1.9.22"
      },
      "engines": {
        "node": ">=22.22.0"
      }
    },
    "node_modules/.pnpm/@types+geojson@7946.0.16/node_modules/@types/geojson": {
      "version": "7946.0.16",
      "dev": true,
      "license": "MIT"
    },
    "node_modules/.pnpm/@types+leaflet@1.9.22": {
      "dev": true,
      "optional": true,
      "peer": true
    },
    "node_modules/.pnpm/@types+leaflet@1.9.22/node_modules/@types/geojson": {
      "resolved": "node_modules/.pnpm/@types+geojson@7946.0.16/node_modules/@types/geojson",
      "link": true
    },
    "node_modules/.pnpm/@types+leaflet@1.9.22/node_modules/@types/leaflet": {
      "version": "1.9.22",
      "dev": true,
      "license": "MIT",
      "dependencies": {
        "@types/geojson": "*"
      }
    },
    "node_modules/@types/leaflet": {
      "resolved": "node_modules/.pnpm/@types+leaflet@1.9.22/node_modules/@types/leaflet",
      "link": true
    }
  }
}
